
Microsoft Visual Studio Solution File, Format Version 12.00
# Visual Studio Version 16
VisualStudioVersion = 16.0.31019.35
MinimumVisualStudioVersion = 10.0.40219.1
Project("{9A19103F-16F7-4668-BE54-9A1E7A4F7556}") = "CarpetHandyMan.Core", "CarpetHandyMan.Core\CarpetHandyMan.Core.csproj", "{26EE2F5A-8031-45EC-857D-2C5386DDD5CE}"
EndProject
Project("{9A19103F-16F7-4668-BE54-9A1E7A4F7556}") = "CarpetHandyMan.infrastructure", "CarpetHandyMan.infrastructure\CarpetHandyMan.infrastructure.csproj", "{591B7B28-0627-4DA9-B7E9-23544D991EAE}"
EndProject
Project("{9A19103F-16F7-4668-BE54-9A1E7A4F7556}") = "CarpetHandyMan.Shared", "CarpetHandyMan.Shared\CarpetHandyMan.Shared.csproj", "{D0E35F99-D8B1-418E-83B2-CE968867DF72}"
EndProject
Project("{9A19103F-16F7-4668-BE54-9A1E7A4F7556}") = "CarpetHandyMan.Blazor", "CarpetHandyMan.Blazor\CarpetHandyMan.Blazor.csproj", "{2E388FE8-0320-4413-AFB3-FC1ABF8256BE}"
EndProject
Project("{FAE04EC0-301F-11D3-BF4B-00C04F79EFBC}") = "CarpetHandyMan.Api", "CarpetHandyMan.Api\CarpetHandyMan.Api.csproj", "{3762BF4E-24FD-4BF2-8290-A6390BFB5E87}"
EndProject
Global
	GlobalSection(SolutionConfigurationPlatforms) = preSolution
		Debug|Any CPU = Debug|Any CPU
		Release|Any CPU = Release|Any CPU
	EndGlobalSection
	GlobalSection(ProjectConfigurationPlatforms) = postSolution
		{26EE2F5A-8031-45EC-857D-2C5386DDD5CE}.Debug|Any CPU.ActiveCfg = Debug|Any CPU
		{26EE2F5A-8031-45EC-857D-2C5386DDD5CE}.Debug|Any CPU.Build.0 = Debug|Any CPU
		{26EE2F5A-8031-45EC-857D-2C5386DDD5CE}.Release|Any CPU.ActiveCfg = Release|Any CPU
		{26EE2F5A-8031-45EC-857D-2C5386DDD5CE}.Release|Any CPU.Build.0 = Release|Any CPU
		{591B7B28-0627-4DA9-B7E9-23544D991EAE}.Debug|Any CPU.ActiveCfg = Debug|Any CPU
		{591B7B28-0627-4DA9-B7E9-23544D991EAE}.Debug|Any CPU.Build.0 = Debug|Any CPU
		{591B7B28-0627-4DA9-B7E9-23544D991EAE}.Release|Any CPU.ActiveCfg = Release|Any CPU
		{591B7B28-0627-4DA9-B7E9-23544D991EAE}.Release|Any CPU.Build.0 = Release|Any CPU
		{D0E35F99-D8B1-418E-83B2-CE968867DF72}.Debug|Any CPU.ActiveCfg = Debug|Any CPU
		{D0E35F99-D8B1-418E-83B2-CE968867DF72}.Debug|Any CPU.Build.0 = Debug|Any CPU
		{D0E35F99-D8B1-418E-83B2-CE968867DF72}.Release|Any CPU.ActiveCfg = Release|Any CPU
		{D0E35F99-D8B1-418E-83B2-CE968867DF72}.Release|Any CPU.Build.0 = Release|Any CPU
		{2E388FE8-0320-4413-AFB3-FC1ABF8256BE}.Debug|Any CPU.ActiveCfg = Debug|Any CPU
		{2E388FE8-0320-4413-AFB3-FC1ABF8256BE}.Debug|Any CPU.Build.0 = Debug|Any CPU
		{2E388FE8-0320-4413-AFB3-FC1ABF8256BE}.Release|Any CPU.ActiveCfg = Release|Any CPU
		{2E388FE8-0320-4413-AFB3-FC1ABF8256BE}.Release|Any CPU.Build.0 = Release|Any CPU
		{3762BF4E-24FD-4BF2-8290-A6390BFB5E87}.Debug|Any CPU.ActiveCfg = Debug|Any CPU
		{3762BF4E-24FD-4BF2-8290-A6390BFB5E87}.Debug|Any CPU.Build.0 = Debug|Any CPU
		{3762BF4E-24FD-4BF2-8290-A6390BFB5E87}.Release|Any CPU.ActiveCfg = Release|Any CPU
		{3762BF4E-24FD-4BF2-8290-A6390BFB5E87}.Release|Any CPU.Build.0 = Release|Any CPU
	EndGlobalSection
	GlobalSection(SolutionProperties) = preSolution
		HideSolutionNode = FALSE
	EndGlobalSection
	GlobalSection(ExtensibilityGlobals) = postSolution
		SolutionGuid = {D42E82F5-52E4-49C5-8088-5391150CE283}
	EndGlobalSection
EndGlobal
